
Microsoft Visual Studio Solution File, Format Version 12.00
# Visual Studio 15
Project("{FAE04EC0-301F-11D3-BF4B-00C04F79EFBC}") = "theHiddenGame", "theHiddenGame.csproj", "{661946E8-4918-4F5D-8D2A-B3D6E8666828}"
EndProject
Global
	GlobalSection(SolutionConfigurationPlatforms) = preSolution
		Debug|anycpu = Debug|anycpu
		Release|anycpu = Release|anycpu
	EndGlobalSection
	GlobalSection(ProjectConfigurationPlatforms) = postSolution
		{661946E8-4918-4F5D-8D2A-B3D6E8666828}.Debug|anycpu.ActiveCfg = Debug|anycpu
		{661946E8-4918-4F5D-8D2A-B3D6E8666828}.Debug|anycpu.Build.0 = Debug|anycpu
		{661946E8-4918-4F5D-8D2A-B3D6E8666828}.Release|anycpu.ActiveCfg = Release|anycpu
		{661946E8-4918-4F5D-8D2A-B3D6E8666828}.Release|anycpu.Build.0 = Release|anycpu
	EndGlobalSection
EndGlobal
